
Microsoft Visual Studio Solution File, Format Version 12.00
# Visual Studio Version 17
VisualStudioVersion = 17.4.33213.308
MinimumVisualStudioVersion = 10.0.40219.1
Project("{9A19103F-16F7-4668-BE54-9A1E7A4F7556}") = "TangyWeb_Server", "TangyWeb_Server\TangyWeb_Server.csproj", "{D7032599-7ED0-45E7-9D80-092DC11CE604}"
EndProject
Project("{FAE04EC0-301F-11D3-BF4B-00C04F79EFBC}") = "Tangy_Models", "Tangy_Models\Tangy_Models.csproj", "{BE62DC23-E870-4000-8B02-FEC8F8D78926}"
EndProject
Global
	GlobalSection(SolutionConfigurationPlatforms) = preSolution
		Debug|Any CPU = Debug|Any CPU
		Release|Any CPU = Release|Any CPU
	EndGlobalSection
	GlobalSection(ProjectConfigurationPlatforms) = postSolution
		{D7032599-7ED0-45E7-9D80-092DC11CE604}.Debug|Any CPU.ActiveCfg = Debug|Any CPU
		{D7032599-7ED0-45E7-9D80-092DC11CE604}.Debug|Any CPU.Build.0 = Debug|Any CPU
		{D7032599-7ED0-45E7-9D80-092DC11CE604}.Release|Any CPU.ActiveCfg = Release|Any CPU
		{D7032599-7ED0-45E7-9D80-092DC11CE604}.Release|Any CPU.Build.0 = Release|Any CPU
		{BE62DC23-E870-4000-8B02-FEC8F8D78926}.Debug|Any CPU.ActiveCfg = Debug|Any CPU
		{BE62DC23-E870-4000-8B02-FEC8F8D78926}.Debug|Any CPU.Build.0 = Debug|Any CPU
		{BE62DC23-E870-4000-8B02-FEC8F8D78926}.Release|Any CPU.ActiveCfg = Release|Any CPU
		{BE62DC23-E870-4000-8B02-FEC8F8D78926}.Release|Any CPU.Build.0 = Release|Any CPU
	EndGlobalSection
	GlobalSection(SolutionProperties) = preSolution
		HideSolutionNode = FALSE
	EndGlobalSection
	GlobalSection(ExtensibilityGlobals) = postSolution
		SolutionGuid = {B6788A02-A3CA-4070-B0D9-E093BF9F1750}
	EndGlobalSection
EndGlobal
